// !$*UTF8*$!
{
	archiveVersion = 1;
	classes = {
	};
	objectVersion = 46;
	objects = {

/* Begin PBXBuildFile section */
		C00BC8501CF53BE100A2DF6B /* main.m in Sources */ = {isa = PBXBuildFile; fileRef = C00BC84F1CF53BE100A2DF6B /* main.m */; };
		C00BC8531CF53BE100A2DF6B /* AppDelegate.m in Sources */ = {isa = PBXBuildFile; fileRef = C00BC8521CF53BE100A2DF6B /* AppDelegate.m */; };
		C00BC8561CF53BE100A2DF6B /* ViewController.m in Sources */ = {isa = PBXBuildFile; fileRef = C00BC8551CF53BE100A2DF6B /* ViewController.m */; };
		C00BC8591CF53BE100A2DF6B /* Main.storyboard in Resources */ = {isa = PBXBuildFile; fileRef = C00BC8571CF53BE100A2DF6B /* Main.storyboard */; };
		C00BC85B1CF53BE100A2DF6B /* Assets.xcassets in Resources */ = {isa = PBXBuildFile; fileRef = C00BC85A1CF53BE100A2DF6B /* Assets.xcassets */; };
		C00BC85E1CF53BE100A2DF6B /* LaunchScreen.storyboard in Resources */ = {isa = PBXBuildFile; fileRef = C00BC85C1CF53BE100A2DF6B /* LaunchScreen.storyboard */; };
		C00BC8691CF53BE100A2DF6B /* gitTest2Tests.m in Sources */ = {isa = PBXBuildFile; fileRef = C00BC8681CF53BE100A2DF6B /* gitTest2Tests.m */; };
		C00BC8741CF53BE100A2DF6B /* gitTest2UITests.m in Sources */ = {isa = PBXBuildFile; fileRef = C00BC8731CF53BE100A2DF6B /* gitTest2UITests.m */; };
/* End PBXBuildFile section */

/* Begin PBXContainerItemProxy section */
		C00BC8651CF53BE100A2DF6B /* PBXContainerItemProxy */ = {
			isa = PBXContainerItemProxy;
			containerPortal = C00BC8431CF53BE100A2DF6B /* Project object */;
			proxyType = 1;
			remoteGlobalIDString = C00BC84A1CF53BE100A2DF6B;
			remoteInfo = gitTest2;
		};
		C00BC8701CF53BE100A2DF6B /* PBXContainerItemProxy */ = {
			isa = PBXContainerItemProxy;
			containerPortal = C00BC8431CF53BE100A2DF6B /* Project object */;
			proxyType = 1;
			remoteGlobalIDString = C00BC84A1CF53BE100A2DF6B;
			remoteInfo = gitTest2;
		};
/* End PBXContainerItemProxy section */

/* Begin PBXFileReference section */
		C00BC84B1CF53BE100A2DF6B /* gitTest2.app */ = {isa = PBXFileReference; explicitFileType = wrapper.application; includeInIndex = 0; path = gitTest2.app; sourceTree = BUILT_PRODUCTS_DIR; };
		C00BC84F1CF53BE100A2DF6B /* main.m */ = {isa = PBXFileReference; lastKnownFileType = sourcecode.c.objc; path = main.m; sourceTree = "<group>"; };
		C00BC8511CF53BE100A2DF6B /* AppDelegate.h */ = {isa = PBXFileReference; lastKnownFileType = sourcecode.c.h; path = AppDelegate.h; sourceTree = "<group>"; };
		C00BC8521CF53BE100A2DF6B /* AppDelegate.m */ = {isa = PBXFileReference; lastKnownFileType = sourcecode.c.objc; path = AppDelegate.m; sourceTree = "<group>"; };
		C00BC8541CF53BE100A2DF6B /* ViewController.h */ = {isa = PBXFileReference; lastKnownFileType = sourcecode.c.h; path = ViewController.h; sourceTree = "<group>"; };
		C00BC8551CF53BE100A2DF6B /* ViewController.m */ = {isa = PBXFileReference; lastKnownFileType = sourcecode.c.objc; path = ViewController.m; sourceTree = "<group>"; };
		C00BC8581CF53BE100A2DF6B /* Base */ = {isa = PBXFileReference; lastKnownFileType = file.storyboard; name = Base; path = Base.lproj/Main.storyboard; sourceTree = "<group>"; };
		C00BC85A1CF53BE100A2DF6B /* Assets.xcassets */ = {isa = PBXFileReference; lastKnownFileType = folder.assetcatalog; path = Assets.xcassets; sourceTree = "<group>"; };
		C00BC85D1CF53BE100A2DF6B /* Base */ = {isa = PBXFileReference; lastKnownFileType = file.storyboard; name = Base; path = Base.lproj/LaunchScreen.storyboard; sourceTree = "<group>"; };
		C00BC85F1CF53BE100A2DF6B /* Info.plist */ = {isa = PBXFileReference; lastKnownFileType = text.plist.xml; path = Info.plist; sourceTree = "<group>"; };
		C00BC8641CF53BE100A2DF6B /* gitTest2Tests.xctest */ = {isa = PBXFileReference; explicitFileType = wrapper.cfbundle; includeInIndex = 0; path = gitTest2Tests.xctest; sourceTree = BUILT_PRODUCTS_DIR; };
		C00BC8681CF53BE100A2DF6B /* gitTest2Tests.m */ = {isa = PBXFileReference; lastKnownFileType = sourcecode.c.objc; path = gitTest2Tests.m; sourceTree = "<group>"; };
		C00BC86A1CF53BE100A2DF6B /* Info.plist */ = {isa = PBXFileReference; lastKnownFileType = text.plist.xml; path = Info.plist; sourceTree = "<group>"; };
		C00BC86F1CF53BE100A2DF6B /* gitTest2UITests.xctest */ = {isa = PBXFileReference; explicitFileType = wrapper.cfbundle; includeInIndex = 0; path = gitTest2UITests.xctest; sourceTree = BUILT_PRODUCTS_DIR; };
		C00BC8731CF53BE100A2DF6B /* gitTest2UITests.m */ = {isa = PBXFileReference; lastKnownFileType = sourcecode.c.objc; path = gitTest2UITests.m; sourceTree = "<group>"; };
		C00BC8751CF53BE100A2DF6B /* Info.plist */ = {isa = PBXFileReference; lastKnownFileType = text.plist.xml; path = Info.plist; sourceTree = "<group>"; };
/* End PBXFileReference section */

/* Begin PBXFrameworksBuildPhase section */
		C00BC8481CF53BE100A2DF6B /* Frameworks */ = {
			isa = PBXFrameworksBuildPhase;
			buildActionMask = 2147483647;
			files = (
			);
			runOnlyForDeploymentPostprocessing = 0;
		};
		C00BC8611CF53BE100A2DF6B /* Frameworks */ = {
			isa = PBXFrameworksBuildPhase;
			buildActionMask = 2147483647;
			files = (
			);
			runOnlyForDeploymentPostprocessing = 0;
		};
		C00BC86C1CF53BE100A2DF6B /* Frameworks */ = {
			isa = PBXFrameworksBuildPhase;
			buildActionMask = 2147483647;
			files = (
			);
			runOnlyForDeploymentPostprocessing = 0;
		};
/* End PBXFrameworksBuildPhase section */

/* Begin PBXGroup section */
		C00BC8421CF53BE100A2DF6B = {
			isa = PBXGroup;
			children = (
				C00BC84D1CF53BE100A2DF6B /* gitTest2 */,
				C00BC8671CF53BE100A2DF6B /* gitTest2Tests */,
				C00BC8721CF53BE100A2DF6B /* gitTest2UITests */,
				C00BC84C1CF53BE100A2DF6B /* Products */,
			);
			sourceTree = "<group>";
		};
		C00BC84C1CF53BE100A2DF6B /* Products */ = {
			isa = PBXGroup;
			children = (
				C00BC84B1CF53BE100A2DF6B /* gitTest2.app */,
				C00BC8641CF53BE100A2DF6B /* gitTest2Tests.xctest */,
				C00BC86F1CF53BE100A2DF6B /* gitTest2UITests.xctest */,
			);
			name = Products;
			sourceTree = "<group>";
		};
		C00BC84D1CF53BE100A2DF6B /* gitTest2 */ = {
			isa = PBXGroup;
			children = (
				C00BC8511CF53BE100A2DF6B /* AppDelegate.h */,
				C00BC8521CF53BE100A2DF6B /* AppDelegate.m */,
				C00BC8541CF53BE100A2DF6B /* ViewController.h */,
				C00BC8551CF53BE100A2DF6B /* ViewController.m */,
				C00BC8571CF53BE100A2DF6B /* Main.storyboard */,
				C00BC85A1CF53BE100A2DF6B /* Assets.xcassets */,
				C00BC85C1CF53BE100A2DF6B /* LaunchScreen.storyboard */,
				C00BC85F1CF53BE100A2DF6B /* Info.plist */,
				C00BC84E1CF53BE100A2DF6B /* Supporting Files */,
			);
			path = gitTest2;
			sourceTree = "<group>";
		};
		C00BC84E1CF53BE100A2DF6B /* Supporting Files */ = {
			isa = PBXGroup;
			children = (
				C00BC84F1CF53BE100A2DF6B /* main.m */,
			);
			name = "Supporting Files";
			sourceTree = "<group>";
		};
		C00BC8671CF53BE100A2DF6B /* gitTest2Tests */ = {
			isa = PBXGroup;
			children = (
				C00BC8681CF53BE100A2DF6B /* gitTest2Tests.m */,
				C00BC86A1CF53BE100A2DF6B /* Info.plist */,
			);
			path = gitTest2Tests;
			sourceTree = "<group>";
		};
		C00BC8721CF53BE100A2DF6B /* gitTest2UITests */ = {
			isa = PBXGroup;
			children = (
				C00BC8731CF53BE100A2DF6B /* gitTest2UITests.m */,
				C00BC8751CF53BE100A2DF6B /* Info.plist */,
			);
			path = gitTest2UITests;
			sourceTree = "<group>";
		};
/* End PBXGroup section */

/* Begin PBXNativeTarget section */
		C00BC84A1CF53BE100A2DF6B /* gitTest2 */ = {
			isa = PBXNativeTarget;
			buildConfigurationList = C00BC8781CF53BE100A2DF6B /* Build configuration list for PBXNativeTarget "gitTest2" */;
			buildPhases = (
				C00BC8471CF53BE100A2DF6B /* Sources */,
				C00BC8481CF53BE100A2DF6B /* Frameworks */,
				C00BC8491CF53BE100A2DF6B /* Resources */,
			);
			buildRules = (
			);
			dependencies = (
			);
			name = gitTest2;
			productName = gitTest2;
			productReference = C00BC84B1CF53BE100A2DF6B /* gitTest2.app */;
			productType = "com.apple.product-type.application";
		};
		C00BC8631CF53BE100A2DF6B /* gitTest2Tests */ = {
			isa = PBXNativeTarget;
			buildConfigurationList = C00BC87B1CF53BE100A2DF6B /* Build configuration list for PBXNativeTarget "gitTest2Tests" */;
			buildPhases = (
				C00BC8601CF53BE100A2DF6B /* Sources */,
				C00BC8611CF53BE100A2DF6B /* Frameworks */,
				C00BC8621CF53BE100A2DF6B /* Resources */,
			);
			buildRules = (
			);
			dependencies = (
				C00BC8661CF53BE100A2DF6B /* PBXTargetDependency */,
			);
			name = gitTest2Tests;
			productName = gitTest2Tests;
			productReference = C00BC8641CF53BE100A2DF6B /* gitTest2Tests.xctest */;
			productType = "com.apple.product-type.bundle.unit-test";
		};
		C00BC86E1CF53BE100A2DF6B /* gitTest2UITests */ = {
			isa = PBXNativeTarget;
			buildConfigurationList = C00BC87E1CF53BE100A2DF6B /* Build configuration list for PBXNativeTarget "gitTest2UITests" */;
			buildPhases = (
				C00BC86B1CF53BE100A2DF6B /* Sources */,
				C00BC86C1CF53BE100A2DF6B /* Frameworks */,
				C00BC86D1CF53BE100A2DF6B /* Resources */,
			);
			buildRules = (
			);
			dependencies = (
				C00BC8711CF53BE100A2DF6B /* PBXTargetDependency */,
			);
			name = gitTest2UITests;
			productName = gitTest2UITests;
			productReference = C00BC86F1CF53BE100A2DF6B /* gitTest2UITests.xctest */;
			productType = "com.apple.product-type.bundle.ui-testing";
		};
/* End PBXNativeTarget section */

/* Begin PBXProject section */
		C00BC8431CF53BE100A2DF6B /* Project object */ = {
			isa = PBXProject;
			attributes = {
				LastUpgradeCheck = 0720;
				ORGANIZATIONNAME = Simple;
				TargetAttributes = {
					C00BC84A1CF53BE100A2DF6B = {
						CreatedOnToolsVersion = 7.2;
					};
					C00BC8631CF53BE100A2DF6B = {
						CreatedOnToolsVersion = 7.2;
						TestTargetID = C00BC84A1CF53BE100A2DF6B;
					};
					C00BC86E1CF53BE100A2DF6B = {
						CreatedOnToolsVersion = 7.2;
						TestTargetID = C00BC84A1CF53BE100A2DF6B;
					};
				};
			};
			buildConfigurationList = C00BC8461CF53BE100A2DF6B /* Build configuration list for PBXProject "gitTest2" */;
			compatibilityVersion = "Xcode 3.2";
			developmentRegion = English;
			hasScannedForEncodings = 0;
			knownRegions = (
				en,
				Base,
			);
			mainGroup = C00BC8421CF53BE100A2DF6B;
			productRefGroup = C00BC84C1CF53BE100A2DF6B /* Products */;
			projectDirPath = "";
			projectRoot = "";
			targets = (
				C00BC84A1CF53BE100A2DF6B /* gitTest2 */,
				C00BC8631CF53BE100A2DF6B /* gitTest2Tests */,
				C00BC86E1CF53BE100A2DF6B /* gitTest2UITests */,
			);
		};
/* End PBXProject section */

/* Begin PBXResourcesBuildPhase section */
		C00BC8491CF53BE100A2DF6B /* Resources */ = {
			isa = PBXResourcesBuildPhase;
			buildActionMask = 2147483647;
			files = (
				C00BC85E1CF53BE100A2DF6B /* LaunchScreen.storyboard in Resources */,
				C00BC85B1CF53BE100A2DF6B /* Assets.xcassets in Resources */,
				C00BC8591CF53BE100A2DF6B /* Main.storyboard in Resources */,
			);
			runOnlyForDeploymentPostprocessing = 0;
		};
		C00BC8621CF53BE100A2DF6B /* Resources */ = {
			isa = PBXResourcesBuildPhase;
			buildActionMask = 2147483647;
			files = (
			);
			runOnlyForDeploymentPostprocessing = 0;
		};
		C00BC86D1CF53BE100A2DF6B /* Resources */ = {
			isa = PBXResourcesBuildPhase;
			buildActionMask = 2147483647;
			files = (
			);
			runOnlyForDeploymentPostprocessing = 0;
		};
/* End PBXResourcesBuildPhase section */

/* Begin PBXSourcesBuildPhase section */
		C00BC8471CF53BE100A2DF6B /* Sources */ = {
			isa = PBXSourcesBuildPhase;
			buildActionMask = 2147483647;
			files = (
				C00BC8561CF53BE100A2DF6B /* ViewController.m in Sources */,
				C00BC8531CF53BE100A2DF6B /* AppDelegate.m in Sources */,
				C00BC8501CF53BE100A2DF6B /* main.m in Sources */,
			);
			runOnlyForDeploymentPostprocessing = 0;
		};
		C00BC8601CF53BE100A2DF6B /* Sources */ = {
			isa = PBXSourcesBuildPhase;
			buildActionMask = 2147483647;
			files = (
				C00BC8691CF53BE100A2DF6B /* gitTest2Tests.m in Sources */,
			);
			runOnlyForDeploymentPostprocessing = 0;
		};
		C00BC86B1CF53BE100A2DF6B /* Sources */ = {
			isa = PBXSourcesBuildPhase;
			buildActionMask = 2147483647;
			files = (
				C00BC8741CF53BE100A2DF6B /* gitTest2UITests.m in Sources */,
			);
			runOnlyForDeploymentPostprocessing = 0;
		};
/* End PBXSourcesBuildPhase section */

/* Begin PBXTargetDependency section */
		C00BC8661CF53BE100A2DF6B /* PBXTargetDependency */ = {
			isa = PBXTargetDependency;
			target = C00BC84A1CF53BE100A2DF6B /* gitTest2 */;
			targetProxy = C00BC8651CF53BE100A2DF6B /* PBXContainerItemProxy */;
		};
		C00BC8711CF53BE100A2DF6B /* PBXTargetDependency */ = {
			isa = PBXTargetDependency;
			target = C00BC84A1CF53BE100A2DF6B /* gitTest2 */;
			targetProxy = C00BC8701CF53BE100A2DF6B /* PBXContainerItemProxy */;
		};
/* End PBXTargetDependency section */

/* Begin PBXVariantGroup section */
		C00BC8571CF53BE100A2DF6B /* Main.storyboard */ = {
			isa = PBXVariantGroup;
			children = (
				C00BC8581CF53BE100A2DF6B /* Base */,
			);
			name = Main.storyboard;
			sourceTree = "<group>";
		};
		C00BC85C1CF53BE100A2DF6B /* LaunchScreen.storyboard */ = {
			isa = PBXVariantGroup;
			children = (
				C00BC85D1CF53BE100A2DF6B /* Base */,
			);
			name = LaunchScreen.storyboard;
			sourceTree = "<group>";
		};
/* End PBXVariantGroup section */

/* Begin XCBuildConfiguration section */
		C00BC8761CF53BE100A2DF6B /* Debug */ = {
			isa = XCBuildConfiguration;
			buildSettings = {
				ALWAYS_SEARCH_USER_PATHS = NO;
				CLANG_CXX_LANGUAGE_STANDARD = "gnu++0x";
				CLANG_CXX_LIBRARY = "libc++";
				CLANG_ENABLE_MODULES = YES;
				CLANG_ENABLE_OBJC_ARC = YES;
				CLANG_WARN_BOOL_CONVERSION = YES;
				CLANG_WARN_CONSTANT_CONVERSION = YES;
				CLANG_WARN_DIRECT_OBJC_ISA_USAGE = YES_ERROR;
				CLANG_WARN_EMPTY_BODY = YES;
				CLANG_WARN_ENUM_CONVERSION = YES;
				CLANG_WARN_INT_CONVERSION = YES;
				CLANG_WARN_OBJC_ROOT_CLASS = YES_ERROR;
				CLANG_WARN_UNREACHABLE_CODE = YES;
				CLANG_WARN__DUPLICATE_METHOD_MATCH = YES;
				"CODE_SIGN_IDENTITY[sdk=iphoneos*]" = "iPhone Developer";
				COPY_PHASE_STRIP = NO;
				DEBUG_INFORMATION_FORMAT = dwarf;
				ENABLE_STRICT_OBJC_MSGSEND = YES;
				ENABLE_TESTABILITY = YES;
				GCC_C_LANGUAGE_STANDARD = gnu99;
				GCC_DYNAMIC_NO_PIC = NO;
				GCC_NO_COMMON_BLOCKS = YES;
				GCC_OPTIMIZATION_LEVEL = 0;
				GCC_PREPROCESSOR_DEFINITIONS = (
					"DEBUG=1",
					"$(inherited)",
				);
				GCC_WARN_64_TO_32_BIT_CONVERSION = YES;
				GCC_WARN_ABOUT_RETURN_TYPE = YES_ERROR;
				GCC_WARN_UNDECLARED_SELECTOR = YES;
				GCC_WARN_UNINITIALIZED_AUTOS = YES_AGGRESSIVE;
				GCC_WARN_UNUSED_FUNCTION = YES;
				GCC_WARN_UNUSED_VARIABLE = YES;
				IPHONEOS_DEPLOYMENT_TARGET = 9.2;
				MTL_ENABLE_DEBUG_INFO = YES;
				ONLY_ACTIVE_ARCH = YES;
				SDKROOT = iphoneos;
			};
			name = Debug;
		};
		C00BC8771CF53BE100A2DF6B /* Release */ = {
			isa = XCBuildConfiguration;
			buildSettings = {
				ALWAYS_SEARCH_USER_PATHS = NO;
				CLANG_CXX_LANGUAGE_STANDARD = "gnu++0x";
				CLANG_CXX_LIBRARY = "libc++";
				CLANG_ENABLE_MODULES = YES;
				CLANG_ENABLE_OBJC_ARC = YES;
				CLANG_WARN_BOOL_CONVERSION = YES;
				CLANG_WARN_CONSTANT_CONVERSION = YES;
				CLANG_WARN_DIRECT_OBJC_ISA_USAGE = YES_ERROR;
				CLANG_WARN_EMPTY_BODY = YES;
				CLANG_WARN_ENUM_CONVERSION = YES;
				CLANG_WARN_INT_CONVERSION = YES;
				CLANG_WARN_OBJC_ROOT_CLASS = YES_ERROR;
				CLANG_WARN_UNREACHABLE_CODE = YES;
				CLANG_WARN__DUPLICATE_METHOD_MATCH = YES;
				"CODE_SIGN_IDENTITY[sdk=iphoneos*]" = "iPhone Developer";
				COPY_PHASE_STRIP = NO;
				DEBUG_INFORMATION_FORMAT = "dwarf-with-dsym";
				ENABLE_NS_ASSERTIONS = NO;
				ENABLE_STRICT_OBJC_MSGSEND = YES;
				GCC_C_LANGUAGE_STANDARD = gnu99;
				GCC_NO_COMMON_BLOCKS = YES;
				GCC_WARN_64_TO_32_BIT_CONVERSION = YES;
				GCC_WARN_ABOUT_RETURN_TYPE = YES_ERROR;
				GCC_WARN_UNDECLARED_SELECTOR = YES;
				GCC_WARN_UNINITIALIZED_AUTOS = YES_AGGRESSIVE;
				GCC_WARN_UNUSED_FUNCTION = YES;
				GCC_WARN_UNUSED_VARIABLE = YES;
				IPHONEOS_DEPLOYMENT_TARGET = 9.2;
				MTL_ENABLE_DEBUG_INFO = NO;
				SDKROOT = iphoneos;
				VALIDATE_PRODUCT = YES;
			};
			name = Release;
		};
		C00BC8791CF53BE100A2DF6B /* Debug */ = {
			isa = XCBuildConfiguration;
			buildSettings = {
				ASSETCATALOG_COMPILER_APPICON_NAME = AppIcon;
				INFOPLIST_FILE = gitTest2/Info.plist;
				LD_RUNPATH_SEARCH_PATHS = "$(inherited) @executable_path/Frameworks";
				PRODUCT_BUNDLE_IDENTIFIER = com.baidu.gitTest2;
				PRODUCT_NAME = "$(TARGET_NAME)";
			};
			name = Debug;
		};
		C00BC87A1CF53BE100A2DF6B /* Release */ = {
			isa = XCBuildConfiguration;
			buildSettings = {
				ASSETCATALOG_COMPILER_APPICON_NAME = AppIcon;
				INFOPLIST_FILE = gitTest2/Info.plist;
				LD_RUNPATH_SEARCH_PATHS = "$(inherited) @executable_path/Frameworks";
				PRODUCT_BUNDLE_IDENTIFIER = com.baidu.gitTest2;
				PRODUCT_NAME = "$(TARGET_NAME)";
			};
			name = Release;
		};
		C00BC87C1CF53BE100A2DF6B /* Debug */ = {
			isa = XCBuildConfiguration;
			buildSettings = {
				BUNDLE_LOADER = "$(TEST_HOST)";
				INFOPLIST_FILE = gitTest2Tests/Info.plist;
				LD_RUNPATH_SEARCH_PATHS = "$(inherited) @executable_path/Frameworks @loader_path/Frameworks";
				PRODUCT_BUNDLE_IDENTIFIER = com.baidu.gitTest2Tests;
				PRODUCT_NAME = "$(TARGET_NAME)";
				TEST_HOST = "$(BUILT_PRODUCTS_DIR)/gitTest2.app/gitTest2";
			};
			name = Debug;
		};
		C00BC87D1CF53BE100A2DF6B /* Release */ = {
			isa = XCBuildConfiguration;
			buildSettings = {
				BUNDLE_LOADER = "$(TEST_HOST)";
				INFOPLIST_FILE = gitTest2Tests/Info.plist;
				LD_RUNPATH_SEARCH_PATHS = "$(inherited) @executable_path/Frameworks @loader_path/Frameworks";
				PRODUCT_BUNDLE_IDENTIFIER = com.baidu.gitTest2Tests;
				PRODUCT_NAME = "$(TARGET_NAME)";
				TEST_HOST = "$(BUILT_PRODUCTS_DIR)/gitTest2.app/gitTest2";
			};
			name = Release;
		};
		C00BC87F1CF53BE100A2DF6B /* Debug */ = {
			isa = XCBuildConfiguration;
			buildSettings = {
				INFOPLIST_FILE = gitTest2UITests/Info.plist;
				LD_RUNPATH_SEARCH_PATHS = "$(inherited) @executable_path/Frameworks @loader_path/Frameworks";
				PRODUCT_BUNDLE_IDENTIFIER = com.baidu.gitTest2UITests;
				PRODUCT_NAME = "$(TARGET_NAME)";
				TEST_TARGET_NAME = gitTest2;
				USES_XCTRUNNER = YES;
			};
			name = Debug;
		};
		C00BC8801CF53BE100A2DF6B /* Release */ = {
			isa = XCBuildConfiguration;
			buildSettings = {
				INFOPLIST_FILE = gitTest2UITests/Info.plist;
				LD_RUNPATH_SEARCH_PATHS = "$(inherited) @executable_path/Frameworks @loader_path/Frameworks";
				PRODUCT_BUNDLE_IDENTIFIER = com.baidu.gitTest2UITests;
				PRODUCT_NAME = "$(TARGET_NAME)";
				TEST_TARGET_NAME = gitTest2;
				USES_XCTRUNNER = YES;
			};
			name = Release;
		};
/* End XCBuildConfiguration section */

/* Begin XCConfigurationList section */
		C00BC8461CF53BE100A2DF6B /* Build configuration list for PBXProject "gitTest2" */ = {
			isa = XCConfigurationList;
			buildConfigurations = (
				C00BC8761CF53BE100A2DF6B /* Debug */,
				C00BC8771CF53BE100A2DF6B /* Release */,
			);
			defaultConfigurationIsVisible = 0;
			defaultConfigurationName = Release;
		};
		C00BC8781CF53BE100A2DF6B /* Build configuration list for PBXNativeTarget "gitTest2" */ = {
			isa = XCConfigurationList;
			buildConfigurations = (
				C00BC8791CF53BE100A2DF6B /* Debug */,
				C00BC87A1CF53BE100A2DF6B /* Release */,
			);
			defaultConfigurationIsVisible = 0;
		};
		C00BC87B1CF53BE100A2DF6B /* Build configuration list for PBXNativeTarget "gitTest2Tests" */ = {
			isa = XCConfigurationList;
			buildConfigurations = (
				C00BC87C1CF53BE100A2DF6B /* Debug */,
				C00BC87D1CF53BE100A2DF6B /* Release */,
			);
			defaultConfigurationIsVisible = 0;
		};
		C00BC87E1CF53BE100A2DF6B /* Build configuration list for PBXNativeTarget "gitTest2UITests" */ = {
			isa = XCConfigurationList;
			buildConfigurations = (
				C00BC87F1CF53BE100A2DF6B /* Debug */,
				C00BC8801CF53BE100A2DF6B /* Release */,
			);
			defaultConfigurationIsVisible = 0;
		};
/* End XCConfigurationList section */
	};
	rootObject = C00BC8431CF53BE100A2DF6B /* Project object */;
}
